// !$*UTF8*$!
{
	archiveVersion = 1;
	classes = {
	};
	objectVersion = 55;
	objects = {

/* Begin PBXBuildFile section */
		59BF9D972890E094003A9FBB /* AppDelegate.swift in Sources */ = {isa = PBXBuildFile; fileRef = 59BF9D962890E094003A9FBB /* AppDelegate.swift */; };
		59BF9D992890E094003A9FBB /* SceneDelegate.swift in Sources */ = {isa = PBXBuildFile; fileRef = 59BF9D982890E094003A9FBB /* SceneDelegate.swift */; };
		59BF9D9B2890E094003A9FBB /* ViewController.swift in Sources */ = {isa = PBXBuildFile; fileRef = 59BF9D9A2890E094003A9FBB /* ViewController.swift */; };
		59BF9DA02890E096003A9FBB /* Assets.xcassets in Resources */ = {isa = PBXBuildFile; fileRef = 59BF9D9F2890E096003A9FBB /* Assets.xcassets */; };
		59BF9DA32890E096003A9FBB /* LaunchScreen.storyboard in Resources */ = {isa = PBXBuildFile; fileRef = 59BF9DA12890E096003A9FBB /* LaunchScreen.storyboard */; };
		59BF9DAC2890E234003A9FBB /* UIView+Extension.swift in Sources */ = {isa = PBXBuildFile; fileRef = 59BF9DAB2890E234003A9FBB /* UIView+Extension.swift */; };
		59BF9DB22890EBCF003A9FBB /* RoundCollectionViewCell.swift in Sources */ = {isa = PBXBuildFile; fileRef = 59BF9DB12890EBCF003A9FBB /* RoundCollectionViewCell.swift */; };
		59BF9DB42890F36B003A9FBB /* ViewModel.swift in Sources */ = {isa = PBXBuildFile; fileRef = 59BF9DB32890F36B003A9FBB /* ViewModel.swift */; };
		59BF9DB72890F46C003A9FBB /* Binder.swift in Sources */ = {isa = PBXBuildFile; fileRef = 59BF9DB62890F46C003A9FBB /* Binder.swift */; };
		59BF9DB928923937003A9FBB /* UICollectionView+Extension.swift in Sources */ = {isa = PBXBuildFile; fileRef = 59BF9DB828923937003A9FBB /* UICollectionView+Extension.swift */; };
		59BF9DBE289242DC003A9FBB /* UIButton+Extension.swift in Sources */ = {isa = PBXBuildFile; fileRef = 59BF9DBD289242DC003A9FBB /* UIButton+Extension.swift */; };
/* End PBXBuildFile section */

/* Begin PBXFileReference section */
		59BF9D932890E094003A9FBB /* StudyDriveTest.app */ = {isa = PBXFileReference; explicitFileType = wrapper.application; includeInIndex = 0; path = StudyDriveTest.app; sourceTree = BUILT_PRODUCTS_DIR; };
		59BF9D962890E094003A9FBB /* AppDelegate.swift */ = {isa = PBXFileReference; lastKnownFileType = sourcecode.swift; path = AppDelegate.swift; sourceTree = "<group>"; };
		59BF9D982890E094003A9FBB /* SceneDelegate.swift */ = {isa = PBXFileReference; lastKnownFileType = sourcecode.swift; path = SceneDelegate.swift; sourceTree = "<group>"; };
		59BF9D9A2890E094003A9FBB /* ViewController.swift */ = {isa = PBXFileReference; lastKnownFileType = sourcecode.swift; path = ViewController.swift; sourceTree = "<group>"; };
		59BF9D9F2890E096003A9FBB /* Assets.xcassets */ = {isa = PBXFileReference; lastKnownFileType = folder.assetcatalog; path = Assets.xcassets; sourceTree = "<group>"; };
		59BF9DA22890E096003A9FBB /* Base */ = {isa = PBXFileReference; lastKnownFileType = file.storyboard; name = Base; path = Base.lproj/LaunchScreen.storyboard; sourceTree = "<group>"; };
		59BF9DA42890E096003A9FBB /* Info.plist */ = {isa = PBXFileReference; lastKnownFileType = text.plist.xml; path = Info.plist; sourceTree = "<group>"; };
		59BF9DAB2890E234003A9FBB /* UIView+Extension.swift */ = {isa = PBXFileReference; lastKnownFileType = sourcecode.swift; path = "UIView+Extension.swift"; sourceTree = "<group>"; };
		59BF9DB12890EBCF003A9FBB /* RoundCollectionViewCell.swift */ = {isa = PBXFileReference; lastKnownFileType = sourcecode.swift; path = RoundCollectionViewCell.swift; sourceTree = "<group>"; };
		59BF9DB32890F36B003A9FBB /* ViewModel.swift */ = {isa = PBXFileReference; lastKnownFileType = sourcecode.swift; path = ViewModel.swift; sourceTree = "<group>"; };
		59BF9DB62890F46C003A9FBB /* Binder.swift */ = {isa = PBXFileReference; lastKnownFileType = sourcecode.swift; path = Binder.swift; sourceTree = "<group>"; };
		59BF9DB828923937003A9FBB /* UICollectionView+Extension.swift */ = {isa = PBXFileReference; lastKnownFileType = sourcecode.swift; path = "UICollectionView+Extension.swift"; sourceTree = "<group>"; };
		59BF9DBD289242DC003A9FBB /* UIButton+Extension.swift */ = {isa = PBXFileReference; lastKnownFileType = sourcecode.swift; path = "UIButton+Extension.swift"; sourceTree = "<group>"; };
/* End PBXFileReference section */

/* Begin PBXFrameworksBuildPhase section */
		59BF9D902890E094003A9FBB /* Frameworks */ = {
			isa = PBXFrameworksBuildPhase;
			buildActionMask = 2147483647;
			files = (
			);
			runOnlyForDeploymentPostprocessing = 0;
		};
/* End PBXFrameworksBuildPhase section */

/* Begin PBXGroup section */
		59BF9D8A2890E094003A9FBB = {
			isa = PBXGroup;
			children = (
				59BF9D952890E094003A9FBB /* StudyDriveTest */,
				59BF9D942890E094003A9FBB /* Products */,
			);
			sourceTree = "<group>";
		};
		59BF9D942890E094003A9FBB /* Products */ = {
			isa = PBXGroup;
			children = (
				59BF9D932890E094003A9FBB /* StudyDriveTest.app */,
			);
			name = Products;
			sourceTree = "<group>";
		};
		59BF9D952890E094003A9FBB /* StudyDriveTest */ = {
			isa = PBXGroup;
			children = (
				59BF9D962890E094003A9FBB /* AppDelegate.swift */,
				59BF9D982890E094003A9FBB /* SceneDelegate.swift */,
				59BF9DBC28924149003A9FBB /* Views */,
				59BF9DB32890F36B003A9FBB /* ViewModel.swift */,
				59BF9D9A2890E094003A9FBB /* ViewController.swift */,
				59BF9DB52890F45B003A9FBB /* Utils */,
				59BF9DAA2890E220003A9FBB /* Extensions */,
				59BF9D9F2890E096003A9FBB /* Assets.xcassets */,
				59BF9DA12890E096003A9FBB /* LaunchScreen.storyboard */,
				59BF9DA42890E096003A9FBB /* Info.plist */,
			);
			path = StudyDriveTest;
			sourceTree = "<group>";
		};
		59BF9DAA2890E220003A9FBB /* Extensions */ = {
			isa = PBXGroup;
			children = (
				59BF9DAB2890E234003A9FBB /* UIView+Extension.swift */,
				59BF9DB828923937003A9FBB /* UICollectionView+Extension.swift */,
				59BF9DBD289242DC003A9FBB /* UIButton+Extension.swift */,
			);
			path = Extensions;
			sourceTree = "<group>";
		};
		59BF9DB52890F45B003A9FBB /* Utils */ = {
			isa = PBXGroup;
			children = (
				59BF9DB62890F46C003A9FBB /* Binder.swift */,
			);
			path = Utils;
			sourceTree = "<group>";
		};
		59BF9DBC28924149003A9FBB /* Views */ = {
			isa = PBXGroup;
			children = (
				59BF9DB12890EBCF003A9FBB /* RoundCollectionViewCell.swift */,
			);
			path = Views;
			sourceTree = "<group>";
		};
/* End PBXGroup section */

/* Begin PBXNativeTarget section */
		59BF9D922890E094003A9FBB /* StudyDriveTest */ = {
			isa = PBXNativeTarget;
			buildConfigurationList = 59BF9DA72890E096003A9FBB /* Build configuration list for PBXNativeTarget "StudyDriveTest" */;
			buildPhases = (
				59BF9D8F2890E094003A9FBB /* Sources */,
				59BF9D902890E094003A9FBB /* Frameworks */,
				59BF9D912890E094003A9FBB /* Resources */,
			);
			buildRules = (
			);
			dependencies = (
			);
			name = StudyDriveTest;
			productName = StudyDriveTest;
			productReference = 59BF9D932890E094003A9FBB /* StudyDriveTest.app */;
			productType = "com.apple.product-type.application";
		};
/* End PBXNativeTarget section */

/* Begin PBXProject section */
		59BF9D8B2890E094003A9FBB /* Project object */ = {
			isa = PBXProject;
			attributes = {
				BuildIndependentTargetsInParallel = 1;
				LastSwiftUpdateCheck = 1340;
				LastUpgradeCheck = 1340;
				TargetAttributes = {
					59BF9D922890E094003A9FBB = {
						CreatedOnToolsVersion = 13.4.1;
					};
				};
			};
			buildConfigurationList = 59BF9D8E2890E094003A9FBB /* Build configuration list for PBXProject "StudyDriveTest" */;
			compatibilityVersion = "Xcode 13.0";
			developmentRegion = en;
			hasScannedForEncodings = 0;
			knownRegions = (
				en,
				Base,
			);
			mainGroup = 59BF9D8A2890E094003A9FBB;
			productRefGroup = 59BF9D942890E094003A9FBB /* Products */;
			projectDirPath = "";
			projectRoot = "";
			targets = (
				59BF9D922890E094003A9FBB /* StudyDriveTest */,
			);
		};
/* End PBXProject section */

/* Begin PBXResourcesBuildPhase section */
		59BF9D912890E094003A9FBB /* Resources */ = {
			isa = PBXResourcesBuildPhase;
			buildActionMask = 2147483647;
			files = (
				59BF9DA32890E096003A9FBB /* LaunchScreen.storyboard in Resources */,
				59BF9DA02890E096003A9FBB /* Assets.xcassets in Resources */,
			);
			runOnlyForDeploymentPostprocessing = 0;
		};
/* End PBXResourcesBuildPhase section */

/* Begin PBXSourcesBuildPhase section */
		59BF9D8F2890E094003A9FBB /* Sources */ = {
			isa = PBXSourcesBuildPhase;
			buildActionMask = 2147483647;
			files = (
				59BF9DB928923937003A9FBB /* UICollectionView+Extension.swift in Sources */,
				59BF9D9B2890E094003A9FBB /* ViewController.swift in Sources */,
				59BF9DB22890EBCF003A9FBB /* RoundCollectionViewCell.swift in Sources */,
				59BF9DB72890F46C003A9FBB /* Binder.swift in Sources */,
				59BF9D972890E094003A9FBB /* AppDelegate.swift in Sources */,
				59BF9DBE289242DC003A9FBB /* UIButton+Extension.swift in Sources */,
				59BF9DAC2890E234003A9FBB /* UIView+Extension.swift in Sources */,
				59BF9D992890E094003A9FBB /* SceneDelegate.swift in Sources */,
				59BF9DB42890F36B003A9FBB /* ViewModel.swift in Sources */,
			);
			runOnlyForDeploymentPostprocessing = 0;
		};
/* End PBXSourcesBuildPhase section */

/* Begin PBXVariantGroup section */
		59BF9DA12890E096003A9FBB /* LaunchScreen.storyboard */ = {
			isa = PBXVariantGroup;
			children = (
				59BF9DA22890E096003A9FBB /* Base */,
			);
			name = LaunchScreen.storyboard;
			sourceTree = "<group>";
		};
/* End PBXVariantGroup section */

/* Begin XCBuildConfiguration section */
		59BF9DA52890E096003A9FBB /* Debug */ = {
			isa = XCBuildConfiguration;
			buildSettings = {
				ALWAYS_SEARCH_USER_PATHS = NO;
				CLANG_ANALYZER_NONNULL = YES;
				CLANG_ANALYZER_NUMBER_OBJECT_CONVERSION = YES_AGGRESSIVE;
				CLANG_CXX_LANGUAGE_STANDARD = "gnu++17";
				CLANG_ENABLE_MODULES = YES;
				CLANG_ENABLE_OBJC_ARC = YES;
				CLANG_ENABLE_OBJC_WEAK = YES;
				CLANG_WARN_BLOCK_CAPTURE_AUTORELEASING = YES;
				CLANG_WARN_BOOL_CONVERSION = YES;
				CLANG_WARN_COMMA = YES;
				CLANG_WARN_CONSTANT_CONVERSION = YES;
				CLANG_WARN_DEPRECATED_OBJC_IMPLEMENTATIONS = YES;
				CLANG_WARN_DIRECT_OBJC_ISA_USAGE = YES_ERROR;
				CLANG_WARN_DOCUMENTATION_COMMENTS = YES;
				CLANG_WARN_EMPTY_BODY = YES;
				CLANG_WARN_ENUM_CONVERSION = YES;
				CLANG_WARN_INFINITE_RECURSION = YES;
				CLANG_WARN_INT_CONVERSION = YES;
				CLANG_WARN_NON_LITERAL_NULL_CONVERSION = YES;
				CLANG_WARN_OBJC_IMPLICIT_RETAIN_SELF = YES;
				CLANG_WARN_OBJC_LITERAL_CONVERSION = YES;
				CLANG_WARN_OBJC_ROOT_CLASS = YES_ERROR;
				CLANG_WARN_QUOTED_INCLUDE_IN_FRAMEWORK_HEADER = YES;
				CLANG_WARN_RANGE_LOOP_ANALYSIS = YES;
				CLANG_WARN_STRICT_PROTOTYPES = YES;
				CLANG_WARN_SUSPICIOUS_MOVE = YES;
				CLANG_WARN_UNGUARDED_AVAILABILITY = YES_AGGRESSIVE;
				CLANG_WARN_UNREACHABLE_CODE = YES;
				CLANG_WARN__DUPLICATE_METHOD_MATCH = YES;
				COPY_PHASE_STRIP = NO;
				DEBUG_INFORMATION_FORMAT = dwarf;
				ENABLE_STRICT_OBJC_MSGSEND = YES;
				ENABLE_TESTABILITY = YES;
				GCC_C_LANGUAGE_STANDARD = gnu11;
				GCC_DYNAMIC_NO_PIC = NO;
				GCC_NO_COMMON_BLOCKS = YES;
				GCC_OPTIMIZATION_LEVEL = 0;
				GCC_PREPROCESSOR_DEFINITIONS = (
					"DEBUG=1",
					"$(inherited)",
				);
				GCC_WARN_64_TO_32_BIT_CONVERSION = YES;
				GCC_WARN_ABOUT_RETURN_TYPE = YES_ERROR;
				GCC_WARN_UNDECLARED_SELECTOR = YES;
				GCC_WARN_UNINITIALIZED_AUTOS = YES_AGGRESSIVE;
				GCC_WARN_UNUSED_FUNCTION = YES;
				GCC_WARN_UNUSED_VARIABLE = YES;
				IPHONEOS_DEPLOYMENT_TARGET = 15.5;
				MTL_ENABLE_DEBUG_INFO = INCLUDE_SOURCE;
				MTL_FAST_MATH = YES;
				ONLY_ACTIVE_ARCH = YES;
				SDKROOT = iphoneos;
				SWIFT_ACTIVE_COMPILATION_CONDITIONS = DEBUG;
				SWIFT_OPTIMIZATION_LEVEL = "-Onone";
			};
			name = Debug;
		};
		59BF9DA62890E096003A9FBB /* Release */ = {
			isa = XCBuildConfiguration;
			buildSettings = {
				ALWAYS_SEARCH_USER_PATHS = NO;
				CLANG_ANALYZER_NONNULL = YES;
				CLANG_ANALYZER_NUMBER_OBJECT_CONVERSION = YES_AGGRESSIVE;
				CLANG_CXX_LANGUAGE_STANDARD = "gnu++17";
				CLANG_ENABLE_MODULES = YES;
				CLANG_ENABLE_OBJC_ARC = YES;
				CLANG_ENABLE_OBJC_WEAK = YES;
				CLANG_WARN_BLOCK_CAPTURE_AUTORELEASING = YES;
				CLANG_WARN_BOOL_CONVERSION = YES;
				CLANG_WARN_COMMA = YES;
				CLANG_WARN_CONSTANT_CONVERSION = YES;
				CLANG_WARN_DEPRECATED_OBJC_IMPLEMENTATIONS = YES;
				CLANG_WARN_DIRECT_OBJC_ISA_USAGE = YES_ERROR;
				CLANG_WARN_DOCUMENTATION_COMMENTS = YES;
				CLANG_WARN_EMPTY_BODY = YES;
				CLANG_WARN_ENUM_CONVERSION = YES;
				CLANG_WARN_INFINITE_RECURSION = YES;
				CLANG_WARN_INT_CONVERSION = YES;
				CLANG_WARN_NON_LITERAL_NULL_CONVERSION = YES;
				CLANG_WARN_OBJC_IMPLICIT_RETAIN_SELF = YES;
				CLANG_WARN_OBJC_LITERAL_CONVERSION = YES;
				CLANG_WARN_OBJC_ROOT_CLASS = YES_ERROR;
				CLANG_WARN_QUOTED_INCLUDE_IN_FRAMEWORK_HEADER = YES;
				CLANG_WARN_RANGE_LOOP_ANALYSIS = YES;
				CLANG_WARN_STRICT_PROTOTYPES = YES;
				CLANG_WARN_SUSPICIOUS_MOVE = YES;
				CLANG_WARN_UNGUARDED_AVAILABILITY = YES_AGGRESSIVE;
				CLANG_WARN_UNREACHABLE_CODE = YES;
				CLANG_WARN__DUPLICATE_METHOD_MATCH = YES;
				COPY_PHASE_STRIP = NO;
				DEBUG_INFORMATION_FORMAT = "dwarf-with-dsym";
				ENABLE_NS_ASSERTIONS = NO;
				ENABLE_STRICT_OBJC_MSGSEND = YES;
				GCC_C_LANGUAGE_STANDARD = gnu11;
				GCC_NO_COMMON_BLOCKS = YES;
				GCC_WARN_64_TO_32_BIT_CONVERSION = YES;
				GCC_WARN_ABOUT_RETURN_TYPE = YES_ERROR;
				GCC_WARN_UNDECLARED_SELECTOR = YES;
				GCC_WARN_UNINITIALIZED_AUTOS = YES_AGGRESSIVE;
				GCC_WARN_UNUSED_FUNCTION = YES;
				GCC_WARN_UNUSED_VARIABLE = YES;
				IPHONEOS_DEPLOYMENT_TARGET = 15.5;
				MTL_ENABLE_DEBUG_INFO = NO;
				MTL_FAST_MATH = YES;
				SDKROOT = iphoneos;
				SWIFT_COMPILATION_MODE = wholemodule;
				SWIFT_OPTIMIZATION_LEVEL = "-O";
				VALIDATE_PRODUCT = YES;
			};
			name = Release;
		};
		59BF9DA82890E096003A9FBB /* Debug */ = {
			isa = XCBuildConfiguration;
			buildSettings = {
				ASSETCATALOG_COMPILER_APPICON_NAME = AppIcon;
				ASSETCATALOG_COMPILER_GLOBAL_ACCENT_COLOR_NAME = AccentColor;
				CODE_SIGN_STYLE = Automatic;
				CURRENT_PROJECT_VERSION = 1;
				GENERATE_INFOPLIST_FILE = YES;
				INFOPLIST_FILE = StudyDriveTest/Info.plist;
				INFOPLIST_KEY_UIApplicationSupportsIndirectInputEvents = YES;
				INFOPLIST_KEY_UILaunchStoryboardName = LaunchScreen;
				INFOPLIST_KEY_UISupportedInterfaceOrientations_iPad = "UIInterfaceOrientationPortrait UIInterfaceOrientationPortraitUpsideDown UIInterfaceOrientationLandscapeLeft UIInterfaceOrientationLandscapeRight";
				INFOPLIST_KEY_UISupportedInterfaceOrientations_iPhone = "UIInterfaceOrientationPortrait UIInterfaceOrientationLandscapeLeft UIInterfaceOrientationLandscapeRight";
				LD_RUNPATH_SEARCH_PATHS = (
					"$(inherited)",
					"@executable_path/Frameworks",
				);
				MARKETING_VERSION = 1.0;
				PRODUCT_BUNDLE_IDENTIFIER = com.studydrive.StudyDriveTest;
				PRODUCT_NAME = "$(TARGET_NAME)";
				SWIFT_EMIT_LOC_STRINGS = YES;
				SWIFT_VERSION = 5.0;
				TARGETED_DEVICE_FAMILY = "1,2";
			};
			name = Debug;
		};
		59BF9DA92890E096003A9FBB /* Release */ = {
			isa = XCBuildConfiguration;
			buildSettings = {
				ASSETCATALOG_COMPILER_APPICON_NAME = AppIcon;
				ASSETCATALOG_COMPILER_GLOBAL_ACCENT_COLOR_NAME = AccentColor;
				CODE_SIGN_STYLE = Automatic;
				CURRENT_PROJECT_VERSION = 1;
				GENERATE_INFOPLIST_FILE = YES;
				INFOPLIST_FILE = StudyDriveTest/Info.plist;
				INFOPLIST_KEY_UIApplicationSupportsIndirectInputEvents = YES;
				INFOPLIST_KEY_UILaunchStoryboardName = LaunchScreen;
				INFOPLIST_KEY_UISupportedInterfaceOrientations_iPad = "UIInterfaceOrientationPortrait UIInterfaceOrientationPortraitUpsideDown UIInterfaceOrientationLandscapeLeft UIInterfaceOrientationLandscapeRight";
				INFOPLIST_KEY_UISupportedInterfaceOrientations_iPhone = "UIInterfaceOrientationPortrait UIInterfaceOrientationLandscapeLeft UIInterfaceOrientationLandscapeRight";
				LD_RUNPATH_SEARCH_PATHS = (
					"$(inherited)",
					"@executable_path/Frameworks",
				);
				MARKETING_VERSION = 1.0;
				PRODUCT_BUNDLE_IDENTIFIER = com.studydrive.StudyDriveTest;
				PRODUCT_NAME = "$(TARGET_NAME)";
				SWIFT_EMIT_LOC_STRINGS = YES;
				SWIFT_VERSION = 5.0;
				TARGETED_DEVICE_FAMILY = "1,2";
			};
			name = Release;
		};
/* End XCBuildConfiguration section */

/* Begin XCConfigurationList section */
		59BF9D8E2890E094003A9FBB /* Build configuration list for PBXProject "StudyDriveTest" */ = {
			isa = XCConfigurationList;
			buildConfigurations = (
				59BF9DA52890E096003A9FBB /* Debug */,
				59BF9DA62890E096003A9FBB /* Release */,
			);
			defaultConfigurationIsVisible = 0;
			defaultConfigurationName = Release;
		};
		59BF9DA72890E096003A9FBB /* Build configuration list for PBXNativeTarget "StudyDriveTest" */ = {
			isa = XCConfigurationList;
			buildConfigurations = (
				59BF9DA82890E096003A9FBB /* Debug */,
				59BF9DA92890E096003A9FBB /* Release */,
			);
			defaultConfigurationIsVisible = 0;
			defaultConfigurationName = Release;
		};
/* End XCConfigurationList section */
	};
	rootObject = 59BF9D8B2890E094003A9FBB /* Project object */;
}
